// !$*UTF8*$!
{
	archiveVersion = 1;
	classes = {
	};
	objectVersion = 50;
	objects = {

/* Begin PBXBuildFile section */
		B942FEC7208882BE004B7CF9 /* main.cpp in Sources */ = {isa = PBXBuildFile; fileRef = B942FEC6208882BE004B7CF9 /* main.cpp */; };
		B942FECE2088B692004B7CF9 /* client_connect.cpp in Sources */ = {isa = PBXBuildFile; fileRef = B942FECD2088B692004B7CF9 /* client_connect.cpp */; };
		B942FED32088D28D004B7CF9 /* lutron_connect.cpp in Sources */ = {isa = PBXBuildFile; fileRef = B942FED22088D28D004B7CF9 /* lutron_connect.cpp */; };
		B942FEDB20894811004B7CF9 /* become_daemon.cpp in Sources */ = {isa = PBXBuildFile; fileRef = B942FEDA20894811004B7CF9 /* become_daemon.cpp */; };
		B942FEDD2089482F004B7CF9 /* errors.cpp in Sources */ = {isa = PBXBuildFile; fileRef = B942FEDC2089482F004B7CF9 /* errors.cpp */; };
		B942FEDF208A2104004B7CF9 /* conf_file.cpp in Sources */ = {isa = PBXBuildFile; fileRef = B942FEDE208A2104004B7CF9 /* conf_file.cpp */; };
		B942FEE4208A4EE1004B7CF9 /* libconfig++.a in Frameworks */ = {isa = PBXBuildFile; fileRef = B942FEE3208A4EE1004B7CF9 /* libconfig++.a */; };
		B942FEE6208A8957004B7CF9 /* misc_function.cpp in Sources */ = {isa = PBXBuildFile; fileRef = B942FEE5208A8957004B7CF9 /* misc_function.cpp */; };
		B946ECDB209BAFF300D13EA7 /* main.cpp in Sources */ = {isa = PBXBuildFile; fileRef = B946ECDA209BAFF300D13EA7 /* main.cpp */; };
		B95D7ECC208C82F200EC8041 /* readline.cpp in Sources */ = {isa = PBXBuildFile; fileRef = B95D7ECB208C82F200EC8041 /* readline.cpp */; };
		B95D7ECE208CAFEA00EC8041 /* parse_response.cpp in Sources */ = {isa = PBXBuildFile; fileRef = B95D7ECD208CAFEA00EC8041 /* parse_response.cpp */; };
		B95D7ED0208CB5A800EC8041 /* database.cpp in Sources */ = {isa = PBXBuildFile; fileRef = B95D7ECF208CB5A800EC8041 /* database.cpp */; };
		B95D7ED2208D14E400EC8041 /* signals.cpp in Sources */ = {isa = PBXBuildFile; fileRef = B95D7ED1208D14E400EC8041 /* signals.cpp */; };
		B95D7ED5208D27A800EC8041 /* writen.cpp in Sources */ = {isa = PBXBuildFile; fileRef = B95D7ED4208D27A800EC8041 /* writen.cpp */; };
/* End PBXBuildFile section */

/* Begin PBXCopyFilesBuildPhase section */
		B942FEC1208882BE004B7CF9 /* CopyFiles */ = {
			isa = PBXCopyFilesBuildPhase;
			buildActionMask = 2147483647;
			dstPath = /usr/share/man/man1/;
			dstSubfolderSpec = 0;
			files = (
			);
			runOnlyForDeploymentPostprocessing = 1;
		};
		B946ECD6209BAFF300D13EA7 /* CopyFiles */ = {
			isa = PBXCopyFilesBuildPhase;
			buildActionMask = 2147483647;
			dstPath = /usr/share/man/man1/;
			dstSubfolderSpec = 0;
			files = (
			);
			runOnlyForDeploymentPostprocessing = 1;
		};
/* End PBXCopyFilesBuildPhase section */

/* Begin PBXFileReference section */
		B942FEC3208882BE004B7CF9 /* tlutrond */ = {isa = PBXFileReference; explicitFileType = "compiled.mach-o.executable"; includeInIndex = 0; path = tlutrond; sourceTree = BUILT_PRODUCTS_DIR; };
		B942FEC6208882BE004B7CF9 /* main.cpp */ = {isa = PBXFileReference; lastKnownFileType = sourcecode.cpp.cpp; path = main.cpp; sourceTree = "<group>"; };
		B942FECD2088B692004B7CF9 /* client_connect.cpp */ = {isa = PBXFileReference; fileEncoding = 4; lastKnownFileType = sourcecode.cpp.cpp; path = client_connect.cpp; sourceTree = "<group>"; };
		B942FED02088B824004B7CF9 /* lutrond.h */ = {isa = PBXFileReference; fileEncoding = 4; lastKnownFileType = sourcecode.c.h; path = lutrond.h; sourceTree = "<group>"; };
		B942FED12088D17C004B7CF9 /* externals.h */ = {isa = PBXFileReference; lastKnownFileType = sourcecode.c.h; name = externals.h; path = /Users/ecole/src/tlutrond/tlutrond/externals.h; sourceTree = "<absolute>"; };
		B942FED22088D28D004B7CF9 /* lutron_connect.cpp */ = {isa = PBXFileReference; lastKnownFileType = sourcecode.cpp.cpp; name = lutron_connect.cpp; path = /Users/ecole/src/tlutrond/tlutrond/lutron_connect.cpp; sourceTree = "<absolute>"; };
		B942FED420894507004B7CF9 /* become_daemon.h */ = {isa = PBXFileReference; fileEncoding = 4; lastKnownFileType = sourcecode.c.h; path = become_daemon.h; sourceTree = "<group>"; };
		B942FED520894534004B7CF9 /* tlpi_hdr.h */ = {isa = PBXFileReference; fileEncoding = 4; lastKnownFileType = sourcecode.c.h; path = tlpi_hdr.h; sourceTree = "<group>"; };
		B942FED620894553004B7CF9 /* unp.h */ = {isa = PBXFileReference; fileEncoding = 4; lastKnownFileType = sourcecode.c.h; path = unp.h; sourceTree = "<group>"; };
		B942FED7208945A8004B7CF9 /* get_num.h */ = {isa = PBXFileReference; fileEncoding = 4; lastKnownFileType = sourcecode.c.h; path = get_num.h; sourceTree = "<group>"; };
		B942FED820894635004B7CF9 /* error_functions.h */ = {isa = PBXFileReference; fileEncoding = 4; lastKnownFileType = sourcecode.c.h; path = error_functions.h; sourceTree = "<group>"; };
		B942FED92089468C004B7CF9 /* config.h */ = {isa = PBXFileReference; fileEncoding = 4; lastKnownFileType = sourcecode.c.h; path = config.h; sourceTree = "<group>"; };
		B942FEDA20894811004B7CF9 /* become_daemon.cpp */ = {isa = PBXFileReference; fileEncoding = 4; lastKnownFileType = sourcecode.cpp.cpp; path = become_daemon.cpp; sourceTree = "<group>"; };
		B942FEDC2089482F004B7CF9 /* errors.cpp */ = {isa = PBXFileReference; fileEncoding = 4; lastKnownFileType = sourcecode.cpp.cpp; path = errors.cpp; sourceTree = "<group>"; };
		B942FEDE208A2104004B7CF9 /* conf_file.cpp */ = {isa = PBXFileReference; lastKnownFileType = sourcecode.cpp.cpp; path = conf_file.cpp; sourceTree = "<group>"; };
		B942FEE1208A4E1F004B7CF9 /* src */ = {isa = PBXFileReference; lastKnownFileType = folder; name = src; path = ..; sourceTree = "<group>"; };
		B942FEE3208A4EE1004B7CF9 /* libconfig++.a */ = {isa = PBXFileReference; lastKnownFileType = archive.ar; name = "libconfig++.a"; path = "lib/libconfig++.a"; sourceTree = "<group>"; };
		B942FEE5208A8957004B7CF9 /* misc_function.cpp */ = {isa = PBXFileReference; lastKnownFileType = sourcecode.cpp.cpp; path = misc_function.cpp; sourceTree = "<group>"; };
		B946ECD8209BAFF300D13EA7 /* lutctrl */ = {isa = PBXFileReference; explicitFileType = "compiled.mach-o.executable"; includeInIndex = 0; path = lutctrl; sourceTree = BUILT_PRODUCTS_DIR; };
		B946ECDA209BAFF300D13EA7 /* main.cpp */ = {isa = PBXFileReference; lastKnownFileType = sourcecode.cpp.cpp; path = main.cpp; sourceTree = "<group>"; };
		B95D7ECB208C82F200EC8041 /* readline.cpp */ = {isa = PBXFileReference; lastKnownFileType = sourcecode.cpp.cpp; path = readline.cpp; sourceTree = "<group>"; };
		B95D7ECD208CAFEA00EC8041 /* parse_response.cpp */ = {isa = PBXFileReference; lastKnownFileType = sourcecode.cpp.cpp; path = parse_response.cpp; sourceTree = "<group>"; };
		B95D7ECF208CB5A800EC8041 /* database.cpp */ = {isa = PBXFileReference; lastKnownFileType = sourcecode.cpp.cpp; path = database.cpp; sourceTree = "<group>"; };
		B95D7ED1208D14E400EC8041 /* signals.cpp */ = {isa = PBXFileReference; lastKnownFileType = sourcecode.cpp.cpp; path = signals.cpp; sourceTree = "<group>"; };
		B95D7ED3208D194200EC8041 /* ename.c.inc */ = {isa = PBXFileReference; fileEncoding = 4; lastKnownFileType = sourcecode.pascal; path = ename.c.inc; sourceTree = "<group>"; };
		B95D7ED4208D27A800EC8041 /* writen.cpp */ = {isa = PBXFileReference; lastKnownFileType = sourcecode.cpp.cpp; path = writen.cpp; sourceTree = "<group>"; };
		B992DD21208F9C830062D7FF /* build.h */ = {isa = PBXFileReference; lastKnownFileType = sourcecode.c.h; path = build.h; sourceTree = "<group>"; };
/* End PBXFileReference section */

/* Begin PBXFrameworksBuildPhase section */
		B942FEC0208882BE004B7CF9 /* Frameworks */ = {
			isa = PBXFrameworksBuildPhase;
			buildActionMask = 2147483647;
			files = (
				B942FEE4208A4EE1004B7CF9 /* libconfig++.a in Frameworks */,
			);
			runOnlyForDeploymentPostprocessing = 0;
		};
		B946ECD5209BAFF300D13EA7 /* Frameworks */ = {
			isa = PBXFrameworksBuildPhase;
			buildActionMask = 2147483647;
			files = (
			);
			runOnlyForDeploymentPostprocessing = 0;
		};
/* End PBXFrameworksBuildPhase section */

/* Begin PBXGroup section */
		B942FEBA208882BE004B7CF9 = {
			isa = PBXGroup;
			children = (
				B942FEC5208882BE004B7CF9 /* tlutrond */,
				B946ECD9209BAFF300D13EA7 /* lutctrl */,
				B942FEC4208882BE004B7CF9 /* Products */,
				B942FEE0208A4E1F004B7CF9 /* Frameworks */,
			);
			sourceTree = "<group>";
		};
		B942FEC4208882BE004B7CF9 /* Products */ = {
			isa = PBXGroup;
			children = (
				B942FEC3208882BE004B7CF9 /* tlutrond */,
				B946ECD8209BAFF300D13EA7 /* lutctrl */,
			);
			name = Products;
			sourceTree = "<group>";
		};
		B942FEC5208882BE004B7CF9 /* tlutrond */ = {
			isa = PBXGroup;
			children = (
				B992DD21208F9C830062D7FF /* build.h */,
				B942FED02088B824004B7CF9 /* lutrond.h */,
				B95D7ECD208CAFEA00EC8041 /* parse_response.cpp */,
				B95D7ECF208CB5A800EC8041 /* database.cpp */,
				B95D7ED1208D14E400EC8041 /* signals.cpp */,
				B942FED7208945A8004B7CF9 /* get_num.h */,
				B942FED620894553004B7CF9 /* unp.h */,
				B942FED520894534004B7CF9 /* tlpi_hdr.h */,
				B942FED92089468C004B7CF9 /* config.h */,
				B942FED820894635004B7CF9 /* error_functions.h */,
				B942FED420894507004B7CF9 /* become_daemon.h */,
				B942FEDC2089482F004B7CF9 /* errors.cpp */,
				B942FEDA20894811004B7CF9 /* become_daemon.cpp */,
				B942FED12088D17C004B7CF9 /* externals.h */,
				B95D7ED3208D194200EC8041 /* ename.c.inc */,
				B942FEC6208882BE004B7CF9 /* main.cpp */,
				B942FEE5208A8957004B7CF9 /* misc_function.cpp */,
				B942FEDE208A2104004B7CF9 /* conf_file.cpp */,
				B942FECD2088B692004B7CF9 /* client_connect.cpp */,
				B95D7ED4208D27A800EC8041 /* writen.cpp */,
				B95D7ECB208C82F200EC8041 /* readline.cpp */,
				B942FED22088D28D004B7CF9 /* lutron_connect.cpp */,
			);
			path = tlutrond;
			sourceTree = "<group>";
		};
		B942FEE0208A4E1F004B7CF9 /* Frameworks */ = {
			isa = PBXGroup;
			children = (
				B942FEE3208A4EE1004B7CF9 /* libconfig++.a */,
				B942FEE1208A4E1F004B7CF9 /* src */,
			);
			name = Frameworks;
			sourceTree = "<group>";
		};
		B946ECD9209BAFF300D13EA7 /* lutctrl */ = {
			isa = PBXGroup;
			children = (
				B946ECDA209BAFF300D13EA7 /* main.cpp */,
			);
			path = lutctrl;
			sourceTree = "<group>";
		};
/* End PBXGroup section */

/* Begin PBXNativeTarget section */
		B942FEC2208882BE004B7CF9 /* tlutrond */ = {
			isa = PBXNativeTarget;
			buildConfigurationList = B942FECA208882BE004B7CF9 /* Build configuration list for PBXNativeTarget "tlutrond" */;
			buildPhases = (
				B942FEBF208882BE004B7CF9 /* Sources */,
				B942FEC0208882BE004B7CF9 /* Frameworks */,
				B942FEC1208882BE004B7CF9 /* CopyFiles */,
			);
			buildRules = (
			);
			dependencies = (
			);
			name = tlutrond;
			productName = tlutrond;
			productReference = B942FEC3208882BE004B7CF9 /* tlutrond */;
			productType = "com.apple.product-type.tool";
		};
		B946ECD7209BAFF300D13EA7 /* lutctrl */ = {
			isa = PBXNativeTarget;
			buildConfigurationList = B946ECDC209BAFF300D13EA7 /* Build configuration list for PBXNativeTarget "lutctrl" */;
			buildPhases = (
				B946ECD4209BAFF300D13EA7 /* Sources */,
				B946ECD5209BAFF300D13EA7 /* Frameworks */,
				B946ECD6209BAFF300D13EA7 /* CopyFiles */,
			);
			buildRules = (
			);
			dependencies = (
			);
			name = lutctrl;
			productName = lutctrl;
			productReference = B946ECD8209BAFF300D13EA7 /* lutctrl */;
			productType = "com.apple.product-type.tool";
		};
/* End PBXNativeTarget section */

/* Begin PBXProject section */
		B942FEBB208882BE004B7CF9 /* Project object */ = {
			isa = PBXProject;
			attributes = {
				LastUpgradeCheck = 0930;
				ORGANIZATIONNAME = "Ed Cole";
				TargetAttributes = {
					B942FEC2208882BE004B7CF9 = {
						CreatedOnToolsVersion = 9.3;
					};
					B946ECD7209BAFF300D13EA7 = {
						CreatedOnToolsVersion = 9.3;
					};
				};
			};
			buildConfigurationList = B942FEBE208882BE004B7CF9 /* Build configuration list for PBXProject "tlutrond" */;
			compatibilityVersion = "Xcode 9.3";
			developmentRegion = en;
			hasScannedForEncodings = 0;
			knownRegions = (
				en,
			);
			mainGroup = B942FEBA208882BE004B7CF9;
			productRefGroup = B942FEC4208882BE004B7CF9 /* Products */;
			projectDirPath = "";
			projectRoot = "";
			targets = (
				B942FEC2208882BE004B7CF9 /* tlutrond */,
				B946ECD7209BAFF300D13EA7 /* lutctrl */,
			);
		};
/* End PBXProject section */

/* Begin PBXSourcesBuildPhase section */
		B942FEBF208882BE004B7CF9 /* Sources */ = {
			isa = PBXSourcesBuildPhase;
			buildActionMask = 2147483647;
			files = (
				B95D7ECE208CAFEA00EC8041 /* parse_response.cpp in Sources */,
				B942FED32088D28D004B7CF9 /* lutron_connect.cpp in Sources */,
				B942FEDF208A2104004B7CF9 /* conf_file.cpp in Sources */,
				B942FEC7208882BE004B7CF9 /* main.cpp in Sources */,
				B95D7ECC208C82F200EC8041 /* readline.cpp in Sources */,
				B942FEDB20894811004B7CF9 /* become_daemon.cpp in Sources */,
				B942FEE6208A8957004B7CF9 /* misc_function.cpp in Sources */,
				B942FEDD2089482F004B7CF9 /* errors.cpp in Sources */,
				B95D7ED5208D27A800EC8041 /* writen.cpp in Sources */,
				B95D7ED2208D14E400EC8041 /* signals.cpp in Sources */,
				B95D7ED0208CB5A800EC8041 /* database.cpp in Sources */,
				B942FECE2088B692004B7CF9 /* client_connect.cpp in Sources */,
			);
			runOnlyForDeploymentPostprocessing = 0;
		};
		B946ECD4209BAFF300D13EA7 /* Sources */ = {
			isa = PBXSourcesBuildPhase;
			buildActionMask = 2147483647;
			files = (
				B946ECDB209BAFF300D13EA7 /* main.cpp in Sources */,
			);
			runOnlyForDeploymentPostprocessing = 0;
		};
/* End PBXSourcesBuildPhase section */

/* Begin XCBuildConfiguration section */
		B942FEC8208882BE004B7CF9 /* Debug */ = {
			isa = XCBuildConfiguration;
			buildSettings = {
				ALWAYS_SEARCH_USER_PATHS = NO;
				CLANG_ANALYZER_NONNULL = YES;
				CLANG_ANALYZER_NUMBER_OBJECT_CONVERSION = YES_AGGRESSIVE;
				CLANG_CXX_LANGUAGE_STANDARD = "gnu++14";
				CLANG_CXX_LIBRARY = "libc++";
				CLANG_ENABLE_MODULES = YES;
				CLANG_ENABLE_OBJC_ARC = YES;
				CLANG_ENABLE_OBJC_WEAK = YES;
				CLANG_WARN_BLOCK_CAPTURE_AUTORELEASING = YES;
				CLANG_WARN_BOOL_CONVERSION = YES;
				CLANG_WARN_COMMA = YES;
				CLANG_WARN_CONSTANT_CONVERSION = YES;
				CLANG_WARN_DEPRECATED_OBJC_IMPLEMENTATIONS = YES;
				CLANG_WARN_DIRECT_OBJC_ISA_USAGE = YES_ERROR;
				CLANG_WARN_DOCUMENTATION_COMMENTS = YES;
				CLANG_WARN_EMPTY_BODY = YES;
				CLANG_WARN_ENUM_CONVERSION = YES;
				CLANG_WARN_INFINITE_RECURSION = YES;
				CLANG_WARN_INT_CONVERSION = YES;
				CLANG_WARN_NON_LITERAL_NULL_CONVERSION = YES;
				CLANG_WARN_OBJC_IMPLICIT_RETAIN_SELF = YES;
				CLANG_WARN_OBJC_LITERAL_CONVERSION = YES;
				CLANG_WARN_OBJC_ROOT_CLASS = YES_ERROR;
				CLANG_WARN_RANGE_LOOP_ANALYSIS = YES;
				CLANG_WARN_STRICT_PROTOTYPES = YES;
				CLANG_WARN_SUSPICIOUS_MOVE = YES;
				CLANG_WARN_UNGUARDED_AVAILABILITY = YES_AGGRESSIVE;
				CLANG_WARN_UNREACHABLE_CODE = YES;
				CLANG_WARN__DUPLICATE_METHOD_MATCH = YES;
				CODE_SIGN_IDENTITY = "Mac Developer";
				COPY_PHASE_STRIP = NO;
				DEBUG_INFORMATION_FORMAT = dwarf;
				ENABLE_STRICT_OBJC_MSGSEND = YES;
				ENABLE_TESTABILITY = YES;
				GCC_C_LANGUAGE_STANDARD = gnu11;
				GCC_DYNAMIC_NO_PIC = NO;
				GCC_NO_COMMON_BLOCKS = YES;
				GCC_OPTIMIZATION_LEVEL = 0;
				GCC_PREPROCESSOR_DEFINITIONS = (
					"DEBUG=1",
					"$(inherited)",
				);
				GCC_WARN_64_TO_32_BIT_CONVERSION = YES;
				GCC_WARN_ABOUT_RETURN_TYPE = YES_ERROR;
				GCC_WARN_UNDECLARED_SELECTOR = YES;
				GCC_WARN_UNINITIALIZED_AUTOS = YES_AGGRESSIVE;
				GCC_WARN_UNUSED_FUNCTION = YES;
				GCC_WARN_UNUSED_VARIABLE = YES;
				MACOSX_DEPLOYMENT_TARGET = 10.13;
				MTL_ENABLE_DEBUG_INFO = YES;
				ONLY_ACTIVE_ARCH = YES;
				SDKROOT = macosx;
			};
			name = Debug;
		};
		B942FEC9208882BE004B7CF9 /* Release */ = {
			isa = XCBuildConfiguration;
			buildSettings = {
				ALWAYS_SEARCH_USER_PATHS = NO;
				CLANG_ANALYZER_NONNULL = YES;
				CLANG_ANALYZER_NUMBER_OBJECT_CONVERSION = YES_AGGRESSIVE;
				CLANG_CXX_LANGUAGE_STANDARD = "gnu++14";
				CLANG_CXX_LIBRARY = "libc++";
				CLANG_ENABLE_MODULES = YES;
				CLANG_ENABLE_OBJC_ARC = YES;
				CLANG_ENABLE_OBJC_WEAK = YES;
				CLANG_WARN_BLOCK_CAPTURE_AUTORELEASING = YES;
				CLANG_WARN_BOOL_CONVERSION = YES;
				CLANG_WARN_COMMA = YES;
				CLANG_WARN_CONSTANT_CONVERSION = YES;
				CLANG_WARN_DEPRECATED_OBJC_IMPLEMENTATIONS = YES;
				CLANG_WARN_DIRECT_OBJC_ISA_USAGE = YES_ERROR;
				CLANG_WARN_DOCUMENTATION_COMMENTS = YES;
				CLANG_WARN_EMPTY_BODY = YES;
				CLANG_WARN_ENUM_CONVERSION = YES;
				CLANG_WARN_INFINITE_RECURSION = YES;
				CLANG_WARN_INT_CONVERSION = YES;
				CLANG_WARN_NON_LITERAL_NULL_CONVERSION = YES;
				CLANG_WARN_OBJC_IMPLICIT_RETAIN_SELF = YES;
				CLANG_WARN_OBJC_LITERAL_CONVERSION = YES;
				CLANG_WARN_OBJC_ROOT_CLASS = YES_ERROR;
				CLANG_WARN_RANGE_LOOP_ANALYSIS = YES;
				CLANG_WARN_STRICT_PROTOTYPES = YES;
				CLANG_WARN_SUSPICIOUS_MOVE = YES;
				CLANG_WARN_UNGUARDED_AVAILABILITY = YES_AGGRESSIVE;
				CLANG_WARN_UNREACHABLE_CODE = YES;
				CLANG_WARN__DUPLICATE_METHOD_MATCH = YES;
				CODE_SIGN_IDENTITY = "Mac Developer";
				COPY_PHASE_STRIP = NO;
				DEBUG_INFORMATION_FORMAT = "dwarf-with-dsym";
				ENABLE_NS_ASSERTIONS = NO;
				ENABLE_STRICT_OBJC_MSGSEND = YES;
				GCC_C_LANGUAGE_STANDARD = gnu11;
				GCC_NO_COMMON_BLOCKS = YES;
				GCC_WARN_64_TO_32_BIT_CONVERSION = YES;
				GCC_WARN_ABOUT_RETURN_TYPE = YES_ERROR;
				GCC_WARN_UNDECLARED_SELECTOR = YES;
				GCC_WARN_UNINITIALIZED_AUTOS = YES_AGGRESSIVE;
				GCC_WARN_UNUSED_FUNCTION = YES;
				GCC_WARN_UNUSED_VARIABLE = YES;
				MACOSX_DEPLOYMENT_TARGET = 10.13;
				MTL_ENABLE_DEBUG_INFO = NO;
				SDKROOT = macosx;
			};
			name = Release;
		};
		B942FECB208882BE004B7CF9 /* Debug */ = {
			isa = XCBuildConfiguration;
			buildSettings = {
				CODE_SIGN_STYLE = Automatic;
				DEVELOPMENT_TEAM = 48XZUZUMJ4;
				LIBRARY_SEARCH_PATHS = (
					"$(inherited)",
					"$(PROJECT_DIR)/lib",
				);
				PRODUCT_NAME = "$(TARGET_NAME)";
			};
			name = Debug;
		};
		B942FECC208882BE004B7CF9 /* Release */ = {
			isa = XCBuildConfiguration;
			buildSettings = {
				CODE_SIGN_STYLE = Automatic;
				DEVELOPMENT_TEAM = 48XZUZUMJ4;
				LIBRARY_SEARCH_PATHS = (
					"$(inherited)",
					"$(PROJECT_DIR)/lib",
				);
				PRODUCT_NAME = "$(TARGET_NAME)";
			};
			name = Release;
		};
		B946ECDD209BAFF300D13EA7 /* Debug */ = {
			isa = XCBuildConfiguration;
			buildSettings = {
				CODE_SIGN_STYLE = Automatic;
				DEVELOPMENT_TEAM = 48XZUZUMJ4;
				PRODUCT_NAME = "$(TARGET_NAME)";
			};
			name = Debug;
		};
		B946ECDE209BAFF300D13EA7 /* Release */ = {
			isa = XCBuildConfiguration;
			buildSettings = {
				CODE_SIGN_STYLE = Automatic;
				DEVELOPMENT_TEAM = 48XZUZUMJ4;
				PRODUCT_NAME = "$(TARGET_NAME)";
			};
			name = Release;
		};
/* End XCBuildConfiguration section */

/* Begin XCConfigurationList section */
		B942FEBE208882BE004B7CF9 /* Build configuration list for PBXProject "tlutrond" */ = {
			isa = XCConfigurationList;
			buildConfigurations = (
				B942FEC8208882BE004B7CF9 /* Debug */,
				B942FEC9208882BE004B7CF9 /* Release */,
			);
			defaultConfigurationIsVisible = 0;
			defaultConfigurationName = Release;
		};
		B942FECA208882BE004B7CF9 /* Build configuration list for PBXNativeTarget "tlutrond" */ = {
			isa = XCConfigurationList;
			buildConfigurations = (
				B942FECB208882BE004B7CF9 /* Debug */,
				B942FECC208882BE004B7CF9 /* Release */,
			);
			defaultConfigurationIsVisible = 0;
			defaultConfigurationName = Release;
		};
		B946ECDC209BAFF300D13EA7 /* Build configuration list for PBXNativeTarget "lutctrl" */ = {
			isa = XCConfigurationList;
			buildConfigurations = (
				B946ECDD209BAFF300D13EA7 /* Debug */,
				B946ECDE209BAFF300D13EA7 /* Release */,
			);
			defaultConfigurationIsVisible = 0;
			defaultConfigurationName = Release;
		};
/* End XCConfigurationList section */
	};
	rootObject = B942FEBB208882BE004B7CF9 /* Project object */;
}
